
Microsoft Visual Studio Solution File, Format Version 12.00
# Visual Studio Version 17
VisualStudioVersion = 17.2.32516.85
MinimumVisualStudioVersion = 10.0.40219.1
Project("{2150E333-8FDC-42A3-9474-1A3956D46DE8}") = "Services", "Services", "{51A1DBE3-44B6-4B67-87BC-7AACC0FE9D9D}"
EndProject
Project("{2150E333-8FDC-42A3-9474-1A3956D46DE8}") = "Cashbook", "Cashbook", "{CE12F839-2B61-42A7-9656-F4DDAB972FF4}"
EndProject
Project("{9A19103F-16F7-4668-BE54-9A1E7A4F7556}") = "Cashbook.Api", "Services\Cashbook\Cashbook.Api\Cashbook.Api.csproj", "{28CFA29E-D21A-4B33-8FD7-C0E426910898}"
EndProject
Global
	GlobalSection(SolutionConfigurationPlatforms) = preSolution
		Debug|Any CPU = Debug|Any CPU
		Release|Any CPU = Release|Any CPU
	EndGlobalSection
	GlobalSection(ProjectConfigurationPlatforms) = postSolution
		{28CFA29E-D21A-4B33-8FD7-C0E426910898}.Debug|Any CPU.ActiveCfg = Debug|Any CPU
		{28CFA29E-D21A-4B33-8FD7-C0E426910898}.Debug|Any CPU.Build.0 = Debug|Any CPU
		{28CFA29E-D21A-4B33-8FD7-C0E426910898}.Release|Any CPU.ActiveCfg = Release|Any CPU
		{28CFA29E-D21A-4B33-8FD7-C0E426910898}.Release|Any CPU.Build.0 = Release|Any CPU
	EndGlobalSection
	GlobalSection(SolutionProperties) = preSolution
		HideSolutionNode = FALSE
	EndGlobalSection
	GlobalSection(NestedProjects) = preSolution
		{CE12F839-2B61-42A7-9656-F4DDAB972FF4} = {51A1DBE3-44B6-4B67-87BC-7AACC0FE9D9D}
		{28CFA29E-D21A-4B33-8FD7-C0E426910898} = {CE12F839-2B61-42A7-9656-F4DDAB972FF4}
	EndGlobalSection
	GlobalSection(ExtensibilityGlobals) = postSolution
		SolutionGuid = {2034D3B6-D571-4E36-835B-78CC61F82594}
	EndGlobalSection
EndGlobal
